
Microsoft Visual Studio Solution File, Format Version 12.00
# Visual Studio Version 17
VisualStudioVersion = 17.10.35027.167
MinimumVisualStudioVersion = 10.0.40219.1
Project("{C9674DCB-5085-4A16-B785-4C70DD1589BD}") = "Spa_Diego_Ejercicio4", "Spa_Diego_Ejercicio4.dtproj", "{7460E6E2-45BB-4CC9-AD55-168A6F797C36}"
EndProject
Global
	GlobalSection(SolutionConfigurationPlatforms) = preSolution
		Development|Default = Development|Default
	EndGlobalSection
	GlobalSection(ProjectConfigurationPlatforms) = postSolution
		{7460E6E2-45BB-4CC9-AD55-168A6F797C36}.Development|Default.ActiveCfg = Development
		{7460E6E2-45BB-4CC9-AD55-168A6F797C36}.Development|Default.Build.0 = Development
	EndGlobalSection
	GlobalSection(SolutionProperties) = preSolution
		HideSolutionNode = FALSE
	EndGlobalSection
	GlobalSection(ExtensibilityGlobals) = postSolution
		SolutionGuid = {4F2877A6-E316-49C0-8057-659D82D2E3EA}
	EndGlobalSection
EndGlobal
